
Microsoft Visual Studio Solution File, Format Version 12.00
# Visual Studio 15
VisualStudioVersion = 15.0.27130.2027
MinimumVisualStudioVersion = 10.0.40219.1
Project("{FAE04EC0-301F-11D3-BF4B-00C04F79EFBC}") = "LZ4.Sharp", "LZ4.Sharp\LZ4.Sharp.csproj", "{093BB4B0-8358-46BB-8E27-DB63FAA9EDBC}"
EndProject
Project("{2150E333-8FDC-42A3-9474-1A3956D46DE8}") = "Native", "Native", "{B584C469-AF76-4955-94A6-7FE374652583}"
EndProject
Project("{8BC9CEB8-8B4A-11D0-8D11-00A0C91BC942}") = "LZ4.ManagedWrapper", "LZ4.ManagedWrapper\LZ4.ManagedWrapper.vcxproj", "{7EB0E027-1A83-45BD-A6DC-1C52F3110B67}"
EndProject
Project("{8BC9CEB8-8B4A-11D0-8D11-00A0C91BC942}") = "LZ4", "LZ4\LZ4.vcxproj", "{4036CF95-5F0C-4951-96D3-2C34CC7138C6}"
EndProject
Project("{2150E333-8FDC-42A3-9474-1A3956D46DE8}") = "Example", "Example", "{846F4701-5F6D-426D-A8BF-542B45CBAE7C}"
EndProject
Project("{FAE04EC0-301F-11D3-BF4B-00C04F79EFBC}") = "LZ4.Sharp.Example", "LZ4.Sharp.Example\LZ4.Sharp.Example.csproj", "{DA11AAE9-4BCE-4B1A-8D91-A6BAAB8C8232}"
EndProject
Project("{2150E333-8FDC-42A3-9474-1A3956D46DE8}") = "Tests", "Tests", "{FAE67580-1925-4996-B849-DCCD507DB06B}"
EndProject
Project("{FAE04EC0-301F-11D3-BF4B-00C04F79EFBC}") = "LZ4.Sharp.Tests", "Tests\LZ4.Sharp.Tests\LZ4.Sharp.Tests.csproj", "{A62D890B-8400-45E4-93A3-BDA6FF331E1F}"
EndProject
Global
	GlobalSection(SolutionConfigurationPlatforms) = preSolution
		Debug|x64 = Debug|x64
		Release|x64 = Release|x64
	EndGlobalSection
	GlobalSection(ProjectConfigurationPlatforms) = postSolution
		{093BB4B0-8358-46BB-8E27-DB63FAA9EDBC}.Debug|x64.ActiveCfg = Debug|x64
		{093BB4B0-8358-46BB-8E27-DB63FAA9EDBC}.Debug|x64.Build.0 = Debug|x64
		{093BB4B0-8358-46BB-8E27-DB63FAA9EDBC}.Release|x64.ActiveCfg = Release|x64
		{093BB4B0-8358-46BB-8E27-DB63FAA9EDBC}.Release|x64.Build.0 = Release|x64
		{7EB0E027-1A83-45BD-A6DC-1C52F3110B67}.Debug|x64.ActiveCfg = Debug|x64
		{7EB0E027-1A83-45BD-A6DC-1C52F3110B67}.Debug|x64.Build.0 = Debug|x64
		{7EB0E027-1A83-45BD-A6DC-1C52F3110B67}.Release|x64.ActiveCfg = Release|x64
		{7EB0E027-1A83-45BD-A6DC-1C52F3110B67}.Release|x64.Build.0 = Release|x64
		{4036CF95-5F0C-4951-96D3-2C34CC7138C6}.Debug|x64.ActiveCfg = Debug|x64
		{4036CF95-5F0C-4951-96D3-2C34CC7138C6}.Debug|x64.Build.0 = Debug|x64
		{4036CF95-5F0C-4951-96D3-2C34CC7138C6}.Release|x64.ActiveCfg = Release|x64
		{4036CF95-5F0C-4951-96D3-2C34CC7138C6}.Release|x64.Build.0 = Release|x64
		{DA11AAE9-4BCE-4B1A-8D91-A6BAAB8C8232}.Debug|x64.ActiveCfg = Debug|x64
		{DA11AAE9-4BCE-4B1A-8D91-A6BAAB8C8232}.Debug|x64.Build.0 = Debug|x64
		{DA11AAE9-4BCE-4B1A-8D91-A6BAAB8C8232}.Release|x64.ActiveCfg = Release|x64
		{DA11AAE9-4BCE-4B1A-8D91-A6BAAB8C8232}.Release|x64.Build.0 = Release|x64
		{A62D890B-8400-45E4-93A3-BDA6FF331E1F}.Debug|x64.ActiveCfg = Debug|x64
		{A62D890B-8400-45E4-93A3-BDA6FF331E1F}.Debug|x64.Build.0 = Debug|x64
		{A62D890B-8400-45E4-93A3-BDA6FF331E1F}.Release|x64.ActiveCfg = Release|x64
		{A62D890B-8400-45E4-93A3-BDA6FF331E1F}.Release|x64.Build.0 = Release|x64
	EndGlobalSection
	GlobalSection(SolutionProperties) = preSolution
		HideSolutionNode = FALSE
	EndGlobalSection
	GlobalSection(NestedProjects) = preSolution
		{7EB0E027-1A83-45BD-A6DC-1C52F3110B67} = {B584C469-AF76-4955-94A6-7FE374652583}
		{4036CF95-5F0C-4951-96D3-2C34CC7138C6} = {B584C469-AF76-4955-94A6-7FE374652583}
		{DA11AAE9-4BCE-4B1A-8D91-A6BAAB8C8232} = {846F4701-5F6D-426D-A8BF-542B45CBAE7C}
		{A62D890B-8400-45E4-93A3-BDA6FF331E1F} = {FAE67580-1925-4996-B849-DCCD507DB06B}
	EndGlobalSection
	GlobalSection(ExtensibilityGlobals) = postSolution
		SolutionGuid = {E42D0FD0-B1A6-488D-8367-60DFAD29275D}
	EndGlobalSection
EndGlobal
